
Microsoft Visual Studio Solution File, Format Version 12.00
# Visual Studio Version 17
VisualStudioVersion = 17.6.33712.159
MinimumVisualStudioVersion = 10.0.40219.1
Project("{FAE04EC0-301F-11D3-BF4B-00C04F79EFBC}") = "Calculadora", "Calculadora.csproj", "{38FD6E03-F74E-4CD4-8FCA-9D95C5E8F62C}"
EndProject
Global
	GlobalSection(SolutionConfigurationPlatforms) = preSolution
		Debug|Any CPU = Debug|Any CPU
		Release|Any CPU = Release|Any CPU
	EndGlobalSection
	GlobalSection(ProjectConfigurationPlatforms) = postSolution
		{38FD6E03-F74E-4CD4-8FCA-9D95C5E8F62C}.Debug|Any CPU.ActiveCfg = Debug|Any CPU
		{38FD6E03-F74E-4CD4-8FCA-9D95C5E8F62C}.Debug|Any CPU.Build.0 = Debug|Any CPU
		{38FD6E03-F74E-4CD4-8FCA-9D95C5E8F62C}.Release|Any CPU.ActiveCfg = Release|Any CPU
		{38FD6E03-F74E-4CD4-8FCA-9D95C5E8F62C}.Release|Any CPU.Build.0 = Release|Any CPU
	EndGlobalSection
	GlobalSection(SolutionProperties) = preSolution
		HideSolutionNode = FALSE
	EndGlobalSection
	GlobalSection(ExtensibilityGlobals) = postSolution
		SolutionGuid = {B938C554-B440-4724-A15C-1060396127C2}
	EndGlobalSection
EndGlobal
